
Microsoft Visual Studio Solution File, Format Version 12.00
# Visual Studio Version 17
VisualStudioVersion = 17.0.32002.185
MinimumVisualStudioVersion = 10.0.40219.1
Project("{2150E333-8FDC-42A3-9474-1A3956D46DE8}") = "Services", "Services", "{07E809E1-D546-4B50-9B4B-4CC200159B0B}"
EndProject
Project("{2150E333-8FDC-42A3-9474-1A3956D46DE8}") = "Catalog", "Catalog", "{FFC6F1C7-F8AA-41DF-AB00-AE1B8B63A2CE}"
EndProject
Project("{9A19103F-16F7-4668-BE54-9A1E7A4F7556}") = "Catalog.API", "Services\Catalog\Catalog.API\Catalog.API.csproj", "{0D6372DF-B189-4056-8668-0DB824B290E6}"
EndProject
Project("{9A19103F-16F7-4668-BE54-9A1E7A4F7556}") = "Catalog.Data", "Catalog.Data\Catalog.Data.csproj", "{7DD6188E-F77B-43A8-868E-FF6ED7B8A902}"
EndProject
Project("{9A19103F-16F7-4668-BE54-9A1E7A4F7556}") = "Catalog.Repositories", "Catalog.Repository\Catalog.Repositories.csproj", "{D67E5B39-0483-43B7-ACE3-72E5BA88828D}"
EndProject
Project("{9A19103F-16F7-4668-BE54-9A1E7A4F7556}") = "Catalog.Services", "Catalog.Services\Catalog.Services.csproj", "{8291A28E-13CA-408D-AE95-E005E9838660}"
EndProject
Project("{E53339B2-1760-4266-BCC7-CA923CBCF16C}") = "docker-compose", "docker-compose.dcproj", "{AE04C55B-E3A2-4E67-A8F9-D538D39F765F}"
EndProject
Global
	GlobalSection(SolutionConfigurationPlatforms) = preSolution
		Debug|Any CPU = Debug|Any CPU
		Release|Any CPU = Release|Any CPU
	EndGlobalSection
	GlobalSection(ProjectConfigurationPlatforms) = postSolution
		{0D6372DF-B189-4056-8668-0DB824B290E6}.Debug|Any CPU.ActiveCfg = Debug|Any CPU
		{0D6372DF-B189-4056-8668-0DB824B290E6}.Debug|Any CPU.Build.0 = Debug|Any CPU
		{0D6372DF-B189-4056-8668-0DB824B290E6}.Release|Any CPU.ActiveCfg = Release|Any CPU
		{0D6372DF-B189-4056-8668-0DB824B290E6}.Release|Any CPU.Build.0 = Release|Any CPU
		{7DD6188E-F77B-43A8-868E-FF6ED7B8A902}.Debug|Any CPU.ActiveCfg = Debug|Any CPU
		{7DD6188E-F77B-43A8-868E-FF6ED7B8A902}.Debug|Any CPU.Build.0 = Debug|Any CPU
		{7DD6188E-F77B-43A8-868E-FF6ED7B8A902}.Release|Any CPU.ActiveCfg = Release|Any CPU
		{7DD6188E-F77B-43A8-868E-FF6ED7B8A902}.Release|Any CPU.Build.0 = Release|Any CPU
		{D67E5B39-0483-43B7-ACE3-72E5BA88828D}.Debug|Any CPU.ActiveCfg = Debug|Any CPU
		{D67E5B39-0483-43B7-ACE3-72E5BA88828D}.Debug|Any CPU.Build.0 = Debug|Any CPU
		{D67E5B39-0483-43B7-ACE3-72E5BA88828D}.Release|Any CPU.ActiveCfg = Release|Any CPU
		{D67E5B39-0483-43B7-ACE3-72E5BA88828D}.Release|Any CPU.Build.0 = Release|Any CPU
		{8291A28E-13CA-408D-AE95-E005E9838660}.Debug|Any CPU.ActiveCfg = Debug|Any CPU
		{8291A28E-13CA-408D-AE95-E005E9838660}.Debug|Any CPU.Build.0 = Debug|Any CPU
		{8291A28E-13CA-408D-AE95-E005E9838660}.Release|Any CPU.ActiveCfg = Release|Any CPU
		{8291A28E-13CA-408D-AE95-E005E9838660}.Release|Any CPU.Build.0 = Release|Any CPU
		{AE04C55B-E3A2-4E67-A8F9-D538D39F765F}.Debug|Any CPU.ActiveCfg = Debug|Any CPU
		{AE04C55B-E3A2-4E67-A8F9-D538D39F765F}.Debug|Any CPU.Build.0 = Debug|Any CPU
		{AE04C55B-E3A2-4E67-A8F9-D538D39F765F}.Release|Any CPU.ActiveCfg = Release|Any CPU
		{AE04C55B-E3A2-4E67-A8F9-D538D39F765F}.Release|Any CPU.Build.0 = Release|Any CPU
	EndGlobalSection
	GlobalSection(SolutionProperties) = preSolution
		HideSolutionNode = FALSE
	EndGlobalSection
	GlobalSection(NestedProjects) = preSolution
		{FFC6F1C7-F8AA-41DF-AB00-AE1B8B63A2CE} = {07E809E1-D546-4B50-9B4B-4CC200159B0B}
		{0D6372DF-B189-4056-8668-0DB824B290E6} = {FFC6F1C7-F8AA-41DF-AB00-AE1B8B63A2CE}
		{7DD6188E-F77B-43A8-868E-FF6ED7B8A902} = {FFC6F1C7-F8AA-41DF-AB00-AE1B8B63A2CE}
		{D67E5B39-0483-43B7-ACE3-72E5BA88828D} = {FFC6F1C7-F8AA-41DF-AB00-AE1B8B63A2CE}
		{8291A28E-13CA-408D-AE95-E005E9838660} = {FFC6F1C7-F8AA-41DF-AB00-AE1B8B63A2CE}
	EndGlobalSection
	GlobalSection(ExtensibilityGlobals) = postSolution
		SolutionGuid = {60287906-4C76-47F4-B420-978933AB851F}
	EndGlobalSection
EndGlobal
