
Microsoft Visual Studio Solution File, Format Version 12.00
# Visual Studio Version 17
VisualStudioVersion = 17.0.32002.185
MinimumVisualStudioVersion = 10.0.40219.1
Project("{2150E333-8FDC-42A3-9474-1A3956D46DE8}") = "Services", "Services", "{07E809E1-D546-4B50-9B4B-4CC200159B0B}"
EndProject
Project("{2150E333-8FDC-42A3-9474-1A3956D46DE8}") = "Catalog", "Catalog", "{FFC6F1C7-F8AA-41DF-AB00-AE1B8B63A2CE}"
EndProject
Project("{9A19103F-16F7-4668-BE54-9A1E7A4F7556}") = "Catalog.API", "Services\Catalog\Catalog.API\Catalog.API.csproj", "{0D6372DF-B189-4056-8668-0DB824B290E6}"
	ProjectSection(ProjectDependencies) = postProject
		{BAC2D528-C2A0-4BEF-ACDF-B1AB52AC70FA} = {BAC2D528-C2A0-4BEF-ACDF-B1AB52AC70FA}
	EndProjectSection
EndProject
Project("{E53339B2-1760-4266-BCC7-CA923CBCF16C}") = "docker-compose", "docker-compose.dcproj", "{AE04C55B-E3A2-4E67-A8F9-D538D39F765F}"
EndProject
Project("{2150E333-8FDC-42A3-9474-1A3956D46DE8}") = "Basket", "Basket", "{D3415D79-BA27-4CE7-848D-CBDFB49FFB41}"
EndProject
Project("{9A19103F-16F7-4668-BE54-9A1E7A4F7556}") = "Basket.API", "Services\Basket\Basket.API\Basket.API.csproj", "{AC566E39-1F38-4FE9-BC70-35EFF6008C49}"
EndProject
Project("{9A19103F-16F7-4668-BE54-9A1E7A4F7556}") = "Catalog.Data", "Services\Catalog\Catalog.Data\Catalog.Data.csproj", "{B44365C2-CF4C-4E75-B21A-CEA967941D5E}"
EndProject
Project("{9A19103F-16F7-4668-BE54-9A1E7A4F7556}") = "Catalog.Repositories", "Services\Catalog\Catalog.Repository\Catalog.Repositories.csproj", "{DE545863-BDB2-4BE1-91A0-330121662721}"
EndProject
Project("{9A19103F-16F7-4668-BE54-9A1E7A4F7556}") = "Catalog.Services", "Services\Catalog\Catalog.Services\Catalog.Services.csproj", "{BAC2D528-C2A0-4BEF-ACDF-B1AB52AC70FA}"
EndProject
Project("{2150E333-8FDC-42A3-9474-1A3956D46DE8}") = "Discount", "Discount", "{07A9611D-7112-46A7-B8F8-766D2599B632}"
EndProject
Project("{9A19103F-16F7-4668-BE54-9A1E7A4F7556}") = "Discount.API", "Services\Discount\Discount.API\Discount.API.csproj", "{391EDF97-67FA-4EA2-A250-AC3AEE671BE1}"
EndProject
Project("{9A19103F-16F7-4668-BE54-9A1E7A4F7556}") = "Discount.Data", "Services\Discount\Discount.Data\Discount.Data.csproj", "{242C051A-296C-4F1D-B07F-D268E1D77AE6}"
EndProject
Project("{9A19103F-16F7-4668-BE54-9A1E7A4F7556}") = "Discount.Repositories", "Services\Discount\Discount.Repository\Discount.Repositories.csproj", "{4445C1C1-67D6-4C04-8A16-0C10F9AF750C}"
EndProject
Project("{9A19103F-16F7-4668-BE54-9A1E7A4F7556}") = "Discount.Service", "Services\Discount\Discount.Service\Discount.Service.csproj", "{ADB93740-584C-4634-80BE-93B64C51B425}"
EndProject
Project("{9A19103F-16F7-4668-BE54-9A1E7A4F7556}") = "Discount.Grpc", "Services\Discount\Discount.Grpc\Discount.Grpc.csproj", "{9F490939-CF2E-4E6A-BD32-3E239ECE926A}"
EndProject
Project("{FAE04EC0-301F-11D3-BF4B-00C04F79EFBC}") = "Discount.Extensions", "Services\Discount\Discount.Extensions\Discount.Extensions.csproj", "{020A4C75-3321-4398-800F-FB0DB9CB8210}"
EndProject
Global
	GlobalSection(SolutionConfigurationPlatforms) = preSolution
		Debug|Any CPU = Debug|Any CPU
		Release|Any CPU = Release|Any CPU
	EndGlobalSection
	GlobalSection(ProjectConfigurationPlatforms) = postSolution
		{0D6372DF-B189-4056-8668-0DB824B290E6}.Debug|Any CPU.ActiveCfg = Debug|Any CPU
		{0D6372DF-B189-4056-8668-0DB824B290E6}.Debug|Any CPU.Build.0 = Debug|Any CPU
		{0D6372DF-B189-4056-8668-0DB824B290E6}.Release|Any CPU.ActiveCfg = Release|Any CPU
		{0D6372DF-B189-4056-8668-0DB824B290E6}.Release|Any CPU.Build.0 = Release|Any CPU
		{AE04C55B-E3A2-4E67-A8F9-D538D39F765F}.Debug|Any CPU.ActiveCfg = Debug|Any CPU
		{AE04C55B-E3A2-4E67-A8F9-D538D39F765F}.Debug|Any CPU.Build.0 = Debug|Any CPU
		{AE04C55B-E3A2-4E67-A8F9-D538D39F765F}.Release|Any CPU.ActiveCfg = Release|Any CPU
		{AE04C55B-E3A2-4E67-A8F9-D538D39F765F}.Release|Any CPU.Build.0 = Release|Any CPU
		{AC566E39-1F38-4FE9-BC70-35EFF6008C49}.Debug|Any CPU.ActiveCfg = Debug|Any CPU
		{AC566E39-1F38-4FE9-BC70-35EFF6008C49}.Debug|Any CPU.Build.0 = Debug|Any CPU
		{AC566E39-1F38-4FE9-BC70-35EFF6008C49}.Release|Any CPU.ActiveCfg = Release|Any CPU
		{AC566E39-1F38-4FE9-BC70-35EFF6008C49}.Release|Any CPU.Build.0 = Release|Any CPU
		{B44365C2-CF4C-4E75-B21A-CEA967941D5E}.Debug|Any CPU.ActiveCfg = Debug|Any CPU
		{B44365C2-CF4C-4E75-B21A-CEA967941D5E}.Debug|Any CPU.Build.0 = Debug|Any CPU
		{B44365C2-CF4C-4E75-B21A-CEA967941D5E}.Release|Any CPU.ActiveCfg = Release|Any CPU
		{B44365C2-CF4C-4E75-B21A-CEA967941D5E}.Release|Any CPU.Build.0 = Release|Any CPU
		{DE545863-BDB2-4BE1-91A0-330121662721}.Debug|Any CPU.ActiveCfg = Debug|Any CPU
		{DE545863-BDB2-4BE1-91A0-330121662721}.Debug|Any CPU.Build.0 = Debug|Any CPU
		{DE545863-BDB2-4BE1-91A0-330121662721}.Release|Any CPU.ActiveCfg = Release|Any CPU
		{DE545863-BDB2-4BE1-91A0-330121662721}.Release|Any CPU.Build.0 = Release|Any CPU
		{BAC2D528-C2A0-4BEF-ACDF-B1AB52AC70FA}.Debug|Any CPU.ActiveCfg = Debug|Any CPU
		{BAC2D528-C2A0-4BEF-ACDF-B1AB52AC70FA}.Debug|Any CPU.Build.0 = Debug|Any CPU
		{BAC2D528-C2A0-4BEF-ACDF-B1AB52AC70FA}.Release|Any CPU.ActiveCfg = Release|Any CPU
		{BAC2D528-C2A0-4BEF-ACDF-B1AB52AC70FA}.Release|Any CPU.Build.0 = Release|Any CPU
		{391EDF97-67FA-4EA2-A250-AC3AEE671BE1}.Debug|Any CPU.ActiveCfg = Debug|Any CPU
		{391EDF97-67FA-4EA2-A250-AC3AEE671BE1}.Debug|Any CPU.Build.0 = Debug|Any CPU
		{391EDF97-67FA-4EA2-A250-AC3AEE671BE1}.Release|Any CPU.ActiveCfg = Release|Any CPU
		{391EDF97-67FA-4EA2-A250-AC3AEE671BE1}.Release|Any CPU.Build.0 = Release|Any CPU
		{242C051A-296C-4F1D-B07F-D268E1D77AE6}.Debug|Any CPU.ActiveCfg = Debug|Any CPU
		{242C051A-296C-4F1D-B07F-D268E1D77AE6}.Debug|Any CPU.Build.0 = Debug|Any CPU
		{242C051A-296C-4F1D-B07F-D268E1D77AE6}.Release|Any CPU.ActiveCfg = Release|Any CPU
		{242C051A-296C-4F1D-B07F-D268E1D77AE6}.Release|Any CPU.Build.0 = Release|Any CPU
		{4445C1C1-67D6-4C04-8A16-0C10F9AF750C}.Debug|Any CPU.ActiveCfg = Debug|Any CPU
		{4445C1C1-67D6-4C04-8A16-0C10F9AF750C}.Debug|Any CPU.Build.0 = Debug|Any CPU
		{4445C1C1-67D6-4C04-8A16-0C10F9AF750C}.Release|Any CPU.ActiveCfg = Release|Any CPU
		{4445C1C1-67D6-4C04-8A16-0C10F9AF750C}.Release|Any CPU.Build.0 = Release|Any CPU
		{ADB93740-584C-4634-80BE-93B64C51B425}.Debug|Any CPU.ActiveCfg = Debug|Any CPU
		{ADB93740-584C-4634-80BE-93B64C51B425}.Debug|Any CPU.Build.0 = Debug|Any CPU
		{ADB93740-584C-4634-80BE-93B64C51B425}.Release|Any CPU.ActiveCfg = Release|Any CPU
		{ADB93740-584C-4634-80BE-93B64C51B425}.Release|Any CPU.Build.0 = Release|Any CPU
		{9F490939-CF2E-4E6A-BD32-3E239ECE926A}.Debug|Any CPU.ActiveCfg = Debug|Any CPU
		{9F490939-CF2E-4E6A-BD32-3E239ECE926A}.Debug|Any CPU.Build.0 = Debug|Any CPU
		{9F490939-CF2E-4E6A-BD32-3E239ECE926A}.Release|Any CPU.ActiveCfg = Release|Any CPU
		{9F490939-CF2E-4E6A-BD32-3E239ECE926A}.Release|Any CPU.Build.0 = Release|Any CPU
		{020A4C75-3321-4398-800F-FB0DB9CB8210}.Debug|Any CPU.ActiveCfg = Debug|Any CPU
		{020A4C75-3321-4398-800F-FB0DB9CB8210}.Debug|Any CPU.Build.0 = Debug|Any CPU
		{020A4C75-3321-4398-800F-FB0DB9CB8210}.Release|Any CPU.ActiveCfg = Release|Any CPU
		{020A4C75-3321-4398-800F-FB0DB9CB8210}.Release|Any CPU.Build.0 = Release|Any CPU
	EndGlobalSection
	GlobalSection(SolutionProperties) = preSolution
		HideSolutionNode = FALSE
	EndGlobalSection
	GlobalSection(NestedProjects) = preSolution
		{FFC6F1C7-F8AA-41DF-AB00-AE1B8B63A2CE} = {07E809E1-D546-4B50-9B4B-4CC200159B0B}
		{0D6372DF-B189-4056-8668-0DB824B290E6} = {FFC6F1C7-F8AA-41DF-AB00-AE1B8B63A2CE}
		{D3415D79-BA27-4CE7-848D-CBDFB49FFB41} = {07E809E1-D546-4B50-9B4B-4CC200159B0B}
		{AC566E39-1F38-4FE9-BC70-35EFF6008C49} = {D3415D79-BA27-4CE7-848D-CBDFB49FFB41}
		{B44365C2-CF4C-4E75-B21A-CEA967941D5E} = {FFC6F1C7-F8AA-41DF-AB00-AE1B8B63A2CE}
		{DE545863-BDB2-4BE1-91A0-330121662721} = {FFC6F1C7-F8AA-41DF-AB00-AE1B8B63A2CE}
		{BAC2D528-C2A0-4BEF-ACDF-B1AB52AC70FA} = {FFC6F1C7-F8AA-41DF-AB00-AE1B8B63A2CE}
		{07A9611D-7112-46A7-B8F8-766D2599B632} = {07E809E1-D546-4B50-9B4B-4CC200159B0B}
		{391EDF97-67FA-4EA2-A250-AC3AEE671BE1} = {07A9611D-7112-46A7-B8F8-766D2599B632}
		{242C051A-296C-4F1D-B07F-D268E1D77AE6} = {07A9611D-7112-46A7-B8F8-766D2599B632}
		{4445C1C1-67D6-4C04-8A16-0C10F9AF750C} = {07A9611D-7112-46A7-B8F8-766D2599B632}
		{ADB93740-584C-4634-80BE-93B64C51B425} = {07A9611D-7112-46A7-B8F8-766D2599B632}
		{9F490939-CF2E-4E6A-BD32-3E239ECE926A} = {07A9611D-7112-46A7-B8F8-766D2599B632}
		{020A4C75-3321-4398-800F-FB0DB9CB8210} = {07A9611D-7112-46A7-B8F8-766D2599B632}
	EndGlobalSection
	GlobalSection(ExtensibilityGlobals) = postSolution
		SolutionGuid = {60287906-4C76-47F4-B420-978933AB851F}
	EndGlobalSection
EndGlobal
