
Microsoft Visual Studio Solution File, Format Version 12.00
# Visual Studio Version 17
VisualStudioVersion = 17.0.32002.185
MinimumVisualStudioVersion = 10.0.40219.1
Project("{2150E333-8FDC-42A3-9474-1A3956D46DE8}") = "Services", "Services", "{07E809E1-D546-4B50-9B4B-4CC200159B0B}"
EndProject
Project("{2150E333-8FDC-42A3-9474-1A3956D46DE8}") = "Catalog", "Catalog", "{FFC6F1C7-F8AA-41DF-AB00-AE1B8B63A2CE}"
EndProject
Project("{9A19103F-16F7-4668-BE54-9A1E7A4F7556}") = "Catalog.API", "Services\Catalog\Catalog.API\Catalog.API.csproj", "{0D6372DF-B189-4056-8668-0DB824B290E6}"
	ProjectSection(ProjectDependencies) = postProject
		{BAC2D528-C2A0-4BEF-ACDF-B1AB52AC70FA} = {BAC2D528-C2A0-4BEF-ACDF-B1AB52AC70FA}
	EndProjectSection
EndProject
Project("{E53339B2-1760-4266-BCC7-CA923CBCF16C}") = "docker-compose", "docker-compose.dcproj", "{AE04C55B-E3A2-4E67-A8F9-D538D39F765F}"
EndProject
Project("{2150E333-8FDC-42A3-9474-1A3956D46DE8}") = "Basket", "Basket", "{D3415D79-BA27-4CE7-848D-CBDFB49FFB41}"
EndProject
Project("{9A19103F-16F7-4668-BE54-9A1E7A4F7556}") = "Basket.API", "Services\Basket\Basket.API\Basket.API.csproj", "{AC566E39-1F38-4FE9-BC70-35EFF6008C49}"
EndProject
Project("{9A19103F-16F7-4668-BE54-9A1E7A4F7556}") = "Catalog.Data", "Services\Catalog\Catalog.Data\Catalog.Data.csproj", "{B44365C2-CF4C-4E75-B21A-CEA967941D5E}"
EndProject
Project("{9A19103F-16F7-4668-BE54-9A1E7A4F7556}") = "Catalog.Repositories", "Services\Catalog\Catalog.Repository\Catalog.Repositories.csproj", "{DE545863-BDB2-4BE1-91A0-330121662721}"
EndProject
Project("{9A19103F-16F7-4668-BE54-9A1E7A4F7556}") = "Catalog.Services", "Services\Catalog\Catalog.Services\Catalog.Services.csproj", "{BAC2D528-C2A0-4BEF-ACDF-B1AB52AC70FA}"
EndProject
Project("{2150E333-8FDC-42A3-9474-1A3956D46DE8}") = "Discount", "Discount", "{07A9611D-7112-46A7-B8F8-766D2599B632}"
EndProject
Project("{2150E333-8FDC-42A3-9474-1A3956D46DE8}") = "API", "API", "{E0368448-116D-41B2-958A-4DEEB10F9EA0}"
EndProject
Project("{2150E333-8FDC-42A3-9474-1A3956D46DE8}") = "gRPC", "gRPC", "{93454C94-C183-4522-B46D-DAC4BE80B9A8}"
EndProject
Project("{9A19103F-16F7-4668-BE54-9A1E7A4F7556}") = "Discount.Grpc", "Services\Discount\gRPC\Discount.Grpc\Discount.Grpc.csproj", "{66B39BF1-FF53-4593-9969-F18312C577B1}"
EndProject
Project("{9A19103F-16F7-4668-BE54-9A1E7A4F7556}") = "Discount.API", "Services\Discount\API\Discount.API\Discount.API.csproj", "{2B83B184-33ED-4916-801C-204F40C7AF6C}"
EndProject
Project("{9A19103F-16F7-4668-BE54-9A1E7A4F7556}") = "Discount.Repositories", "Services\Discount\API\Discount.Repository\Discount.Repositories.csproj", "{8D80D7CF-B173-4E92-A30F-F35773FCC023}"
EndProject
Project("{9A19103F-16F7-4668-BE54-9A1E7A4F7556}") = "Discount.Data", "Services\Discount\API\Discount.Data\Discount.Data.csproj", "{E24B8CA5-0DA3-4065-9676-3CBCCB336575}"
EndProject
Project("{9A19103F-16F7-4668-BE54-9A1E7A4F7556}") = "Discount.Service", "Services\Discount\API\Discount.Service\Discount.Service.csproj", "{7AF526FE-1695-4E55-B4DE-AA2AD4A80470}"
EndProject
Global
	GlobalSection(SolutionConfigurationPlatforms) = preSolution
		Debug|Any CPU = Debug|Any CPU
		Release|Any CPU = Release|Any CPU
	EndGlobalSection
	GlobalSection(ProjectConfigurationPlatforms) = postSolution
		{0D6372DF-B189-4056-8668-0DB824B290E6}.Debug|Any CPU.ActiveCfg = Debug|Any CPU
		{0D6372DF-B189-4056-8668-0DB824B290E6}.Debug|Any CPU.Build.0 = Debug|Any CPU
		{0D6372DF-B189-4056-8668-0DB824B290E6}.Release|Any CPU.ActiveCfg = Release|Any CPU
		{0D6372DF-B189-4056-8668-0DB824B290E6}.Release|Any CPU.Build.0 = Release|Any CPU
		{AE04C55B-E3A2-4E67-A8F9-D538D39F765F}.Debug|Any CPU.ActiveCfg = Debug|Any CPU
		{AE04C55B-E3A2-4E67-A8F9-D538D39F765F}.Debug|Any CPU.Build.0 = Debug|Any CPU
		{AE04C55B-E3A2-4E67-A8F9-D538D39F765F}.Release|Any CPU.ActiveCfg = Release|Any CPU
		{AE04C55B-E3A2-4E67-A8F9-D538D39F765F}.Release|Any CPU.Build.0 = Release|Any CPU
		{AC566E39-1F38-4FE9-BC70-35EFF6008C49}.Debug|Any CPU.ActiveCfg = Debug|Any CPU
		{AC566E39-1F38-4FE9-BC70-35EFF6008C49}.Debug|Any CPU.Build.0 = Debug|Any CPU
		{AC566E39-1F38-4FE9-BC70-35EFF6008C49}.Release|Any CPU.ActiveCfg = Release|Any CPU
		{AC566E39-1F38-4FE9-BC70-35EFF6008C49}.Release|Any CPU.Build.0 = Release|Any CPU
		{B44365C2-CF4C-4E75-B21A-CEA967941D5E}.Debug|Any CPU.ActiveCfg = Debug|Any CPU
		{B44365C2-CF4C-4E75-B21A-CEA967941D5E}.Debug|Any CPU.Build.0 = Debug|Any CPU
		{B44365C2-CF4C-4E75-B21A-CEA967941D5E}.Release|Any CPU.ActiveCfg = Release|Any CPU
		{B44365C2-CF4C-4E75-B21A-CEA967941D5E}.Release|Any CPU.Build.0 = Release|Any CPU
		{DE545863-BDB2-4BE1-91A0-330121662721}.Debug|Any CPU.ActiveCfg = Debug|Any CPU
		{DE545863-BDB2-4BE1-91A0-330121662721}.Debug|Any CPU.Build.0 = Debug|Any CPU
		{DE545863-BDB2-4BE1-91A0-330121662721}.Release|Any CPU.ActiveCfg = Release|Any CPU
		{DE545863-BDB2-4BE1-91A0-330121662721}.Release|Any CPU.Build.0 = Release|Any CPU
		{BAC2D528-C2A0-4BEF-ACDF-B1AB52AC70FA}.Debug|Any CPU.ActiveCfg = Debug|Any CPU
		{BAC2D528-C2A0-4BEF-ACDF-B1AB52AC70FA}.Debug|Any CPU.Build.0 = Debug|Any CPU
		{BAC2D528-C2A0-4BEF-ACDF-B1AB52AC70FA}.Release|Any CPU.ActiveCfg = Release|Any CPU
		{BAC2D528-C2A0-4BEF-ACDF-B1AB52AC70FA}.Release|Any CPU.Build.0 = Release|Any CPU
		{66B39BF1-FF53-4593-9969-F18312C577B1}.Debug|Any CPU.ActiveCfg = Debug|Any CPU
		{66B39BF1-FF53-4593-9969-F18312C577B1}.Debug|Any CPU.Build.0 = Debug|Any CPU
		{66B39BF1-FF53-4593-9969-F18312C577B1}.Release|Any CPU.ActiveCfg = Release|Any CPU
		{66B39BF1-FF53-4593-9969-F18312C577B1}.Release|Any CPU.Build.0 = Release|Any CPU
		{2B83B184-33ED-4916-801C-204F40C7AF6C}.Debug|Any CPU.ActiveCfg = Debug|Any CPU
		{2B83B184-33ED-4916-801C-204F40C7AF6C}.Debug|Any CPU.Build.0 = Debug|Any CPU
		{2B83B184-33ED-4916-801C-204F40C7AF6C}.Release|Any CPU.ActiveCfg = Release|Any CPU
		{2B83B184-33ED-4916-801C-204F40C7AF6C}.Release|Any CPU.Build.0 = Release|Any CPU
		{8D80D7CF-B173-4E92-A30F-F35773FCC023}.Debug|Any CPU.ActiveCfg = Debug|Any CPU
		{8D80D7CF-B173-4E92-A30F-F35773FCC023}.Debug|Any CPU.Build.0 = Debug|Any CPU
		{8D80D7CF-B173-4E92-A30F-F35773FCC023}.Release|Any CPU.ActiveCfg = Release|Any CPU
		{8D80D7CF-B173-4E92-A30F-F35773FCC023}.Release|Any CPU.Build.0 = Release|Any CPU
		{E24B8CA5-0DA3-4065-9676-3CBCCB336575}.Debug|Any CPU.ActiveCfg = Debug|Any CPU
		{E24B8CA5-0DA3-4065-9676-3CBCCB336575}.Debug|Any CPU.Build.0 = Debug|Any CPU
		{E24B8CA5-0DA3-4065-9676-3CBCCB336575}.Release|Any CPU.ActiveCfg = Release|Any CPU
		{E24B8CA5-0DA3-4065-9676-3CBCCB336575}.Release|Any CPU.Build.0 = Release|Any CPU
		{7AF526FE-1695-4E55-B4DE-AA2AD4A80470}.Debug|Any CPU.ActiveCfg = Debug|Any CPU
		{7AF526FE-1695-4E55-B4DE-AA2AD4A80470}.Debug|Any CPU.Build.0 = Debug|Any CPU
		{7AF526FE-1695-4E55-B4DE-AA2AD4A80470}.Release|Any CPU.ActiveCfg = Release|Any CPU
		{7AF526FE-1695-4E55-B4DE-AA2AD4A80470}.Release|Any CPU.Build.0 = Release|Any CPU
	EndGlobalSection
	GlobalSection(SolutionProperties) = preSolution
		HideSolutionNode = FALSE
	EndGlobalSection
	GlobalSection(NestedProjects) = preSolution
		{FFC6F1C7-F8AA-41DF-AB00-AE1B8B63A2CE} = {07E809E1-D546-4B50-9B4B-4CC200159B0B}
		{0D6372DF-B189-4056-8668-0DB824B290E6} = {FFC6F1C7-F8AA-41DF-AB00-AE1B8B63A2CE}
		{D3415D79-BA27-4CE7-848D-CBDFB49FFB41} = {07E809E1-D546-4B50-9B4B-4CC200159B0B}
		{AC566E39-1F38-4FE9-BC70-35EFF6008C49} = {D3415D79-BA27-4CE7-848D-CBDFB49FFB41}
		{B44365C2-CF4C-4E75-B21A-CEA967941D5E} = {FFC6F1C7-F8AA-41DF-AB00-AE1B8B63A2CE}
		{DE545863-BDB2-4BE1-91A0-330121662721} = {FFC6F1C7-F8AA-41DF-AB00-AE1B8B63A2CE}
		{BAC2D528-C2A0-4BEF-ACDF-B1AB52AC70FA} = {FFC6F1C7-F8AA-41DF-AB00-AE1B8B63A2CE}
		{07A9611D-7112-46A7-B8F8-766D2599B632} = {07E809E1-D546-4B50-9B4B-4CC200159B0B}
		{E0368448-116D-41B2-958A-4DEEB10F9EA0} = {07A9611D-7112-46A7-B8F8-766D2599B632}
		{93454C94-C183-4522-B46D-DAC4BE80B9A8} = {07A9611D-7112-46A7-B8F8-766D2599B632}
		{66B39BF1-FF53-4593-9969-F18312C577B1} = {93454C94-C183-4522-B46D-DAC4BE80B9A8}
		{2B83B184-33ED-4916-801C-204F40C7AF6C} = {E0368448-116D-41B2-958A-4DEEB10F9EA0}
		{8D80D7CF-B173-4E92-A30F-F35773FCC023} = {E0368448-116D-41B2-958A-4DEEB10F9EA0}
		{E24B8CA5-0DA3-4065-9676-3CBCCB336575} = {E0368448-116D-41B2-958A-4DEEB10F9EA0}
		{7AF526FE-1695-4E55-B4DE-AA2AD4A80470} = {E0368448-116D-41B2-958A-4DEEB10F9EA0}
	EndGlobalSection
	GlobalSection(ExtensibilityGlobals) = postSolution
		SolutionGuid = {60287906-4C76-47F4-B420-978933AB851F}
	EndGlobalSection
EndGlobal
